dependencies:
- name: tika
  repository: https://apache.jfrog.io/artifactory/tika
  version: 3.2.2
- name: gotenberg
  repository: https://maikumori.github.io/helm-charts
  version: 1.25.0
- name: paperless-ngx
  repository: ""
  version: 0.1.6
digest: sha256:edf503c4028c5acb179e499abc22ed423dd24877272303c380218053e6b64b4e
generated: "2026-09-27T19:00:17.893453209Z"
